
Microsoft Visual Studio Solution File, Format Version 12.00
# Visual Studio Version 17
VisualStudioVersion = 17.7.34024.191
MinimumVisualStudioVersion = 10.0.40219.1
Project("{9A19103F-16F7-4668-BE54-9A1E7A4F7556}") = "E-LearningTask", "E-LearningTask\E-LearningTask.csproj", "{BD90AE74-A643-4A28-B050-031381120C59}"
EndProject
Global
	GlobalSection(SolutionConfigurationPlatforms) = preSolution
		Debug|Any CPU = Debug|Any CPU
		Release|Any CPU = Release|Any CPU
	EndGlobalSection
	GlobalSection(ProjectConfigurationPlatforms) = postSolution
		{BD90AE74-A643-4A28-B050-031381120C59}.Debug|Any CPU.ActiveCfg = Debug|Any CPU
		{BD90AE74-A643-4A28-B050-031381120C59}.Debug|Any CPU.Build.0 = Debug|Any CPU
		{BD90AE74-A643-4A28-B050-031381120C59}.Release|Any CPU.ActiveCfg = Release|Any CPU
		{BD90AE74-A643-4A28-B050-031381120C59}.Release|Any CPU.Build.0 = Release|Any CPU
	EndGlobalSection
	GlobalSection(SolutionProperties) = preSolution
		HideSolutionNode = FALSE
	EndGlobalSection
	GlobalSection(ExtensibilityGlobals) = postSolution
		SolutionGuid = {E3B74FCD-55C3-41DD-9B79-08C4306EAFAD}
	EndGlobalSection
EndGlobal
